
Microsoft Visual Studio Solution File, Format Version 12.00
# Visual Studio 15
VisualStudioVersion = 15.0.26730.12
MinimumVisualStudioVersion = 10.0.40219.1
Project("{8BC9CEB8-8B4A-11D0-8D11-00A0C91BC942}") = "lab2", "lab2\lab2.vcxproj", "{B6FA9EED-FCBD-4108-8370-328B095A9F7E}"
EndProject
Project("{8BC9CEB8-8B4A-11D0-8D11-00A0C91BC942}") = "IBlab22.09(matrix)", "lab(22.09)\lab(22.09).vcxproj", "{A232150A-2ED0-4A31-8CD6-D13F28A242C1}"
EndProject
Project("{8BC9CEB8-8B4A-11D0-8D11-00A0C91BC942}") = "lab2909(pointer)", "lab2909\lab2909.vcxproj", "{E5DBC623-50CB-48A9-B0F7-82AB61D98FC5}"
EndProject
Project("{8BC9CEB8-8B4A-11D0-8D11-00A0C91BC942}") = "lab3", "lab3\lab3.vcxproj", "{6E750931-ADFE-4254-ABEE-EA06CD87CB36}"
EndProject
Project("{8BC9CEB8-8B4A-11D0-8D11-00A0C91BC942}") = "lab5", "lab5\lab5.vcxproj", "{37CE3B2E-FAE3-4BF3-AF65-90D6F9AE2A78}"
EndProject
Project("{8BC9CEB8-8B4A-11D0-8D11-00A0C91BC942}") = "lab0610(classes)", "lab0610\lab0610.vcxproj", "{4185948A-BE8B-4E9B-8D68-ED8115C53598}"
EndProject
Project("{8BC9CEB8-8B4A-11D0-8D11-00A0C91BC942}") = "lab1310(inheritance)", "lab1310\lab1310.vcxproj", "{A47FB8E5-5634-4FC3-A290-0A47D4FF7E28}"
EndProject
Project("{8BC9CEB8-8B4A-11D0-8D11-00A0C91BC942}") = "lab6(matr)", "lab6\lab6.vcxproj", "{EDC598BC-81BA-4E6B-BC39-FB304D3A39CA}"
EndProject
Project("{8BC9CEB8-8B4A-11D0-8D11-00A0C91BC942}") = "lab2010(dynamicmemory)", "lab2010\lab2010.vcxproj", "{ACF18C66-C6FA-4FE2-9F03-80DA99664AB3}"
EndProject
Project("{8BC9CEB8-8B4A-11D0-8D11-00A0C91BC942}") = "lab2810(string)", "lab2810\lab2810.vcxproj", "{CACE1C5D-FFCC-4D47-B03F-46F50C7B05AB}"
EndProject
Project("{8BC9CEB8-8B4A-11D0-8D11-00A0C91BC942}") = "lab0311(overload)", "lab0311\lab0311.vcxproj", "{036FDD01-B07B-4D1C-89AB-64FD58E6D83A}"
EndProject
Project("{8BC9CEB8-8B4A-11D0-8D11-00A0C91BC942}") = "lab1011", "lab1011\lab1011.vcxproj", "{291CED30-E6D5-4F64-B21B-6FEF9B5A9CDA}"
EndProject
Project("{8BC9CEB8-8B4A-11D0-8D11-00A0C91BC942}") = "lab10112", "lab10112\lab10112.vcxproj", "{13052B61-8263-471F-A3F9-D97FBAC023B9}"
EndProject
Project("{8BC9CEB8-8B4A-11D0-8D11-00A0C91BC942}") = "lab1711", "ConsoleApplication1\ConsoleApplication1.vcxproj", "{F3A79C06-91E2-4253-95D3-1036F8BA2B3A}"
EndProject
Project("{8BC9CEB8-8B4A-11D0-8D11-00A0C91BC942}") = "lab17112", "lab17112\lab17112.vcxproj", "{355EC110-4F2B-49D7-BEE0-2B5E1F748B10}"
EndProject
Project("{8BC9CEB8-8B4A-11D0-8D11-00A0C91BC942}") = "lab0112", "lab0112\lab0112.vcxproj", "{BFF615E2-6F0F-4E78-9F69-446A4D73CA5C}"
EndProject
Project("{8BC9CEB8-8B4A-11D0-8D11-00A0C91BC942}") = "lab14", "lab14\lab14.vcxproj", "{D4F9D20A-0539-4083-925F-A1AF9A36F959}"
EndProject
Project("{8BC9CEB8-8B4A-11D0-8D11-00A0C91BC942}") = "lab14console(stack)", "lab14console(stack)\lab14console(stack).vcxproj", "{9BC09827-DF32-4771-8430-76C4EC6551B2}"
EndProject
Project("{8BC9CEB8-8B4A-11D0-8D11-00A0C91BC942}") = "lab1", "lab1\lab1.vcxproj", "{35510DCF-388E-4C1A-81B0-ADFF192927CC}"
EndProject
Global
	GlobalSection(SolutionConfigurationPlatforms) = preSolution
		Debug|x64 = Debug|x64
		Debug|x86 = Debug|x86
		Release|x64 = Release|x64
		Release|x86 = Release|x86
	EndGlobalSection
	GlobalSection(ProjectConfigurationPlatforms) = postSolution
		{B6FA9EED-FCBD-4108-8370-328B095A9F7E}.Debug|x64.ActiveCfg = Debug|x64
		{B6FA9EED-FCBD-4108-8370-328B095A9F7E}.Debug|x64.Build.0 = Debug|x64
		{B6FA9EED-FCBD-4108-8370-328B095A9F7E}.Debug|x86.ActiveCfg = Debug|Win32
		{B6FA9EED-FCBD-4108-8370-328B095A9F7E}.Debug|x86.Build.0 = Debug|Win32
		{B6FA9EED-FCBD-4108-8370-328B095A9F7E}.Release|x64.ActiveCfg = Release|x64
		{B6FA9EED-FCBD-4108-8370-328B095A9F7E}.Release|x64.Build.0 = Release|x64
		{B6FA9EED-FCBD-4108-8370-328B095A9F7E}.Release|x86.ActiveCfg = Release|Win32
		{B6FA9EED-FCBD-4108-8370-328B095A9F7E}.Release|x86.Build.0 = Release|Win32
		{A232150A-2ED0-4A31-8CD6-D13F28A242C1}.Debug|x64.ActiveCfg = Debug|x64
		{A232150A-2ED0-4A31-8CD6-D13F28A242C1}.Debug|x64.Build.0 = Debug|x64
		{A232150A-2ED0-4A31-8CD6-D13F28A242C1}.Debug|x86.ActiveCfg = Debug|Win32
		{A232150A-2ED0-4A31-8CD6-D13F28A242C1}.Debug|x86.Build.0 = Debug|Win32
		{A232150A-2ED0-4A31-8CD6-D13F28A242C1}.Release|x64.ActiveCfg = Release|x64
		{A232150A-2ED0-4A31-8CD6-D13F28A242C1}.Release|x64.Build.0 = Release|x64
		{A232150A-2ED0-4A31-8CD6-D13F28A242C1}.Release|x86.ActiveCfg = Release|Win32
		{A232150A-2ED0-4A31-8CD6-D13F28A242C1}.Release|x86.Build.0 = Release|Win32
		{E5DBC623-50CB-48A9-B0F7-82AB61D98FC5}.Debug|x64.ActiveCfg = Debug|x64
		{E5DBC623-50CB-48A9-B0F7-82AB61D98FC5}.Debug|x64.Build.0 = Debug|x64
		{E5DBC623-50CB-48A9-B0F7-82AB61D98FC5}.Debug|x86.ActiveCfg = Debug|Win32
		{E5DBC623-50CB-48A9-B0F7-82AB61D98FC5}.Debug|x86.Build.0 = Debug|Win32
		{E5DBC623-50CB-48A9-B0F7-82AB61D98FC5}.Release|x64.ActiveCfg = Release|x64
		{E5DBC623-50CB-48A9-B0F7-82AB61D98FC5}.Release|x64.Build.0 = Release|x64
		{E5DBC623-50CB-48A9-B0F7-82AB61D98FC5}.Release|x86.ActiveCfg = Release|Win32
		{E5DBC623-50CB-48A9-B0F7-82AB61D98FC5}.Release|x86.Build.0 = Release|Win32
		{6E750931-ADFE-4254-ABEE-EA06CD87CB36}.Debug|x64.ActiveCfg = Debug|x64
		{6E750931-ADFE-4254-ABEE-EA06CD87CB36}.Debug|x64.Build.0 = Debug|x64
		{6E750931-ADFE-4254-ABEE-EA06CD87CB36}.Debug|x86.ActiveCfg = Debug|Win32
		{6E750931-ADFE-4254-ABEE-EA06CD87CB36}.Debug|x86.Build.0 = Debug|Win32
		{6E750931-ADFE-4254-ABEE-EA06CD87CB36}.Release|x64.ActiveCfg = Release|x64
		{6E750931-ADFE-4254-ABEE-EA06CD87CB36}.Release|x64.Build.0 = Release|x64
		{6E750931-ADFE-4254-ABEE-EA06CD87CB36}.Release|x86.ActiveCfg = Release|Win32
		{6E750931-ADFE-4254-ABEE-EA06CD87CB36}.Release|x86.Build.0 = Release|Win32
		{37CE3B2E-FAE3-4BF3-AF65-90D6F9AE2A78}.Debug|x64.ActiveCfg = Debug|x64
		{37CE3B2E-FAE3-4BF3-AF65-90D6F9AE2A78}.Debug|x64.Build.0 = Debug|x64
		{37CE3B2E-FAE3-4BF3-AF65-90D6F9AE2A78}.Debug|x86.ActiveCfg = Debug|Win32
		{37CE3B2E-FAE3-4BF3-AF65-90D6F9AE2A78}.Debug|x86.Build.0 = Debug|Win32
		{37CE3B2E-FAE3-4BF3-AF65-90D6F9AE2A78}.Release|x64.ActiveCfg = Release|x64
		{37CE3B2E-FAE3-4BF3-AF65-90D6F9AE2A78}.Release|x64.Build.0 = Release|x64
		{37CE3B2E-FAE3-4BF3-AF65-90D6F9AE2A78}.Release|x86.ActiveCfg = Release|Win32
		{37CE3B2E-FAE3-4BF3-AF65-90D6F9AE2A78}.Release|x86.Build.0 = Release|Win32
		{4185948A-BE8B-4E9B-8D68-ED8115C53598}.Debug|x64.ActiveCfg = Debug|x64
		{4185948A-BE8B-4E9B-8D68-ED8115C53598}.Debug|x64.Build.0 = Debug|x64
		{4185948A-BE8B-4E9B-8D68-ED8115C53598}.Debug|x86.ActiveCfg = Debug|Win32
		{4185948A-BE8B-4E9B-8D68-ED8115C53598}.Debug|x86.Build.0 = Debug|Win32
		{4185948A-BE8B-4E9B-8D68-ED8115C53598}.Release|x64.ActiveCfg = Release|x64
		{4185948A-BE8B-4E9B-8D68-ED8115C53598}.Release|x64.Build.0 = Release|x64
		{4185948A-BE8B-4E9B-8D68-ED8115C53598}.Release|x86.ActiveCfg = Release|Win32
		{4185948A-BE8B-4E9B-8D68-ED8115C53598}.Release|x86.Build.0 = Release|Win32
		{A47FB8E5-5634-4FC3-A290-0A47D4FF7E28}.Debug|x64.ActiveCfg = Debug|x64
		{A47FB8E5-5634-4FC3-A290-0A47D4FF7E28}.Debug|x64.Build.0 = Debug|x64
		{A47FB8E5-5634-4FC3-A290-0A47D4FF7E28}.Debug|x86.ActiveCfg = Debug|Win32
		{A47FB8E5-5634-4FC3-A290-0A47D4FF7E28}.Debug|x86.Build.0 = Debug|Win32
		{A47FB8E5-5634-4FC3-A290-0A47D4FF7E28}.Release|x64.ActiveCfg = Release|x64
		{A47FB8E5-5634-4FC3-A290-0A47D4FF7E28}.Release|x64.Build.0 = Release|x64
		{A47FB8E5-5634-4FC3-A290-0A47D4FF7E28}.Release|x86.ActiveCfg = Release|Win32
		{A47FB8E5-5634-4FC3-A290-0A47D4FF7E28}.Release|x86.Build.0 = Release|Win32
		{EDC598BC-81BA-4E6B-BC39-FB304D3A39CA}.Debug|x64.ActiveCfg = Debug|x64
		{EDC598BC-81BA-4E6B-BC39-FB304D3A39CA}.Debug|x64.Build.0 = Debug|x64
		{EDC598BC-81BA-4E6B-BC39-FB304D3A39CA}.Debug|x86.ActiveCfg = Debug|Win32
		{EDC598BC-81BA-4E6B-BC39-FB304D3A39CA}.Debug|x86.Build.0 = Debug|Win32
		{EDC598BC-81BA-4E6B-BC39-FB304D3A39CA}.Release|x64.ActiveCfg = Release|x64
		{EDC598BC-81BA-4E6B-BC39-FB304D3A39CA}.Release|x64.Build.0 = Release|x64
		{EDC598BC-81BA-4E6B-BC39-FB304D3A39CA}.Release|x86.ActiveCfg = Release|Win32
		{EDC598BC-81BA-4E6B-BC39-FB304D3A39CA}.Release|x86.Build.0 = Release|Win32
		{ACF18C66-C6FA-4FE2-9F03-80DA99664AB3}.Debug|x64.ActiveCfg = Debug|x64
		{ACF18C66-C6FA-4FE2-9F03-80DA99664AB3}.Debug|x64.Build.0 = Debug|x64
		{ACF18C66-C6FA-4FE2-9F03-80DA99664AB3}.Debug|x86.ActiveCfg = Debug|Win32
		{ACF18C66-C6FA-4FE2-9F03-80DA99664AB3}.Debug|x86.Build.0 = Debug|Win32
		{ACF18C66-C6FA-4FE2-9F03-80DA99664AB3}.Release|x64.ActiveCfg = Release|x64
		{ACF18C66-C6FA-4FE2-9F03-80DA99664AB3}.Release|x64.Build.0 = Release|x64
		{ACF18C66-C6FA-4FE2-9F03-80DA99664AB3}.Release|x86.ActiveCfg = Release|Win32
		{ACF18C66-C6FA-4FE2-9F03-80DA99664AB3}.Release|x86.Build.0 = Release|Win32
		{CACE1C5D-FFCC-4D47-B03F-46F50C7B05AB}.Debug|x64.ActiveCfg = Debug|x64
		{CACE1C5D-FFCC-4D47-B03F-46F50C7B05AB}.Debug|x64.Build.0 = Debug|x64
		{CACE1C5D-FFCC-4D47-B03F-46F50C7B05AB}.Debug|x86.ActiveCfg = Debug|Win32
		{CACE1C5D-FFCC-4D47-B03F-46F50C7B05AB}.Debug|x86.Build.0 = Debug|Win32
		{CACE1C5D-FFCC-4D47-B03F-46F50C7B05AB}.Release|x64.ActiveCfg = Release|x64
		{CACE1C5D-FFCC-4D47-B03F-46F50C7B05AB}.Release|x64.Build.0 = Release|x64
		{CACE1C5D-FFCC-4D47-B03F-46F50C7B05AB}.Release|x86.ActiveCfg = Release|Win32
		{CACE1C5D-FFCC-4D47-B03F-46F50C7B05AB}.Release|x86.Build.0 = Release|Win32
		{036FDD01-B07B-4D1C-89AB-64FD58E6D83A}.Debug|x64.ActiveCfg = Debug|x64
		{036FDD01-B07B-4D1C-89AB-64FD58E6D83A}.Debug|x64.Build.0 = Debug|x64
		{036FDD01-B07B-4D1C-89AB-64FD58E6D83A}.Debug|x86.ActiveCfg = Debug|Win32
		{036FDD01-B07B-4D1C-89AB-64FD58E6D83A}.Debug|x86.Build.0 = Debug|Win32
		{036FDD01-B07B-4D1C-89AB-64FD58E6D83A}.Release|x64.ActiveCfg = Release|x64
		{036FDD01-B07B-4D1C-89AB-64FD58E6D83A}.Release|x64.Build.0 = Release|x64
		{036FDD01-B07B-4D1C-89AB-64FD58E6D83A}.Release|x86.ActiveCfg = Release|Win32
		{036FDD01-B07B-4D1C-89AB-64FD58E6D83A}.Release|x86.Build.0 = Release|Win32
		{291CED30-E6D5-4F64-B21B-6FEF9B5A9CDA}.Debug|x64.ActiveCfg = Debug|x64
		{291CED30-E6D5-4F64-B21B-6FEF9B5A9CDA}.Debug|x64.Build.0 = Debug|x64
		{291CED30-E6D5-4F64-B21B-6FEF9B5A9CDA}.Debug|x86.ActiveCfg = Debug|Win32
		{291CED30-E6D5-4F64-B21B-6FEF9B5A9CDA}.Debug|x86.Build.0 = Debug|Win32
		{291CED30-E6D5-4F64-B21B-6FEF9B5A9CDA}.Release|x64.ActiveCfg = Release|x64
		{291CED30-E6D5-4F64-B21B-6FEF9B5A9CDA}.Release|x64.Build.0 = Release|x64
		{291CED30-E6D5-4F64-B21B-6FEF9B5A9CDA}.Release|x86.ActiveCfg = Release|Win32
		{291CED30-E6D5-4F64-B21B-6FEF9B5A9CDA}.Release|x86.Build.0 = Release|Win32
		{13052B61-8263-471F-A3F9-D97FBAC023B9}.Debug|x64.ActiveCfg = Debug|x64
		{13052B61-8263-471F-A3F9-D97FBAC023B9}.Debug|x64.Build.0 = Debug|x64
		{13052B61-8263-471F-A3F9-D97FBAC023B9}.Debug|x86.ActiveCfg = Debug|Win32
		{13052B61-8263-471F-A3F9-D97FBAC023B9}.Debug|x86.Build.0 = Debug|Win32
		{13052B61-8263-471F-A3F9-D97FBAC023B9}.Release|x64.ActiveCfg = Release|x64
		{13052B61-8263-471F-A3F9-D97FBAC023B9}.Release|x64.Build.0 = Release|x64
		{13052B61-8263-471F-A3F9-D97FBAC023B9}.Release|x86.ActiveCfg = Release|Win32
		{13052B61-8263-471F-A3F9-D97FBAC023B9}.Release|x86.Build.0 = Release|Win32
		{F3A79C06-91E2-4253-95D3-1036F8BA2B3A}.Debug|x64.ActiveCfg = Debug|x64
		{F3A79C06-91E2-4253-95D3-1036F8BA2B3A}.Debug|x64.Build.0 = Debug|x64
		{F3A79C06-91E2-4253-95D3-1036F8BA2B3A}.Debug|x86.ActiveCfg = Debug|Win32
		{F3A79C06-91E2-4253-95D3-1036F8BA2B3A}.Debug|x86.Build.0 = Debug|Win32
		{F3A79C06-91E2-4253-95D3-1036F8BA2B3A}.Release|x64.ActiveCfg = Release|x64
		{F3A79C06-91E2-4253-95D3-1036F8BA2B3A}.Release|x64.Build.0 = Release|x64
		{F3A79C06-91E2-4253-95D3-1036F8BA2B3A}.Release|x86.ActiveCfg = Release|Win32
		{F3A79C06-91E2-4253-95D3-1036F8BA2B3A}.Release|x86.Build.0 = Release|Win32
		{355EC110-4F2B-49D7-BEE0-2B5E1F748B10}.Debug|x64.ActiveCfg = Debug|x64
		{355EC110-4F2B-49D7-BEE0-2B5E1F748B10}.Debug|x64.Build.0 = Debug|x64
		{355EC110-4F2B-49D7-BEE0-2B5E1F748B10}.Debug|x86.ActiveCfg = Debug|Win32
		{355EC110-4F2B-49D7-BEE0-2B5E1F748B10}.Debug|x86.Build.0 = Debug|Win32
		{355EC110-4F2B-49D7-BEE0-2B5E1F748B10}.Release|x64.ActiveCfg = Release|x64
		{355EC110-4F2B-49D7-BEE0-2B5E1F748B10}.Release|x64.Build.0 = Release|x64
		{355EC110-4F2B-49D7-BEE0-2B5E1F748B10}.Release|x86.ActiveCfg = Release|Win32
		{355EC110-4F2B-49D7-BEE0-2B5E1F748B10}.Release|x86.Build.0 = Release|Win32
		{BFF615E2-6F0F-4E78-9F69-446A4D73CA5C}.Debug|x64.ActiveCfg = Debug|x64
		{BFF615E2-6F0F-4E78-9F69-446A4D73CA5C}.Debug|x64.Build.0 = Debug|x64
		{BFF615E2-6F0F-4E78-9F69-446A4D73CA5C}.Debug|x86.ActiveCfg = Debug|Win32
		{BFF615E2-6F0F-4E78-9F69-446A4D73CA5C}.Debug|x86.Build.0 = Debug|Win32
		{BFF615E2-6F0F-4E78-9F69-446A4D73CA5C}.Release|x64.ActiveCfg = Release|x64
		{BFF615E2-6F0F-4E78-9F69-446A4D73CA5C}.Release|x64.Build.0 = Release|x64
		{BFF615E2-6F0F-4E78-9F69-446A4D73CA5C}.Release|x86.ActiveCfg = Release|Win32
		{BFF615E2-6F0F-4E78-9F69-446A4D73CA5C}.Release|x86.Build.0 = Release|Win32
		{D4F9D20A-0539-4083-925F-A1AF9A36F959}.Debug|x64.ActiveCfg = Debug|x64
		{D4F9D20A-0539-4083-925F-A1AF9A36F959}.Debug|x64.Build.0 = Debug|x64
		{D4F9D20A-0539-4083-925F-A1AF9A36F959}.Debug|x86.ActiveCfg = Debug|Win32
		{D4F9D20A-0539-4083-925F-A1AF9A36F959}.Debug|x86.Build.0 = Debug|Win32
		{D4F9D20A-0539-4083-925F-A1AF9A36F959}.Release|x64.ActiveCfg = Release|x64
		{D4F9D20A-0539-4083-925F-A1AF9A36F959}.Release|x64.Build.0 = Release|x64
		{D4F9D20A-0539-4083-925F-A1AF9A36F959}.Release|x86.ActiveCfg = Release|Win32
		{D4F9D20A-0539-4083-925F-A1AF9A36F959}.Release|x86.Build.0 = Release|Win32
		{9BC09827-DF32-4771-8430-76C4EC6551B2}.Debug|x64.ActiveCfg = Debug|x64
		{9BC09827-DF32-4771-8430-76C4EC6551B2}.Debug|x64.Build.0 = Debug|x64
		{9BC09827-DF32-4771-8430-76C4EC6551B2}.Debug|x86.ActiveCfg = Debug|Win32
		{9BC09827-DF32-4771-8430-76C4EC6551B2}.Debug|x86.Build.0 = Debug|Win32
		{9BC09827-DF32-4771-8430-76C4EC6551B2}.Release|x64.ActiveCfg = Release|x64
		{9BC09827-DF32-4771-8430-76C4EC6551B2}.Release|x64.Build.0 = Release|x64
		{9BC09827-DF32-4771-8430-76C4EC6551B2}.Release|x86.ActiveCfg = Release|Win32
		{9BC09827-DF32-4771-8430-76C4EC6551B2}.Release|x86.Build.0 = Release|Win32
		{35510DCF-388E-4C1A-81B0-ADFF192927CC}.Debug|x64.ActiveCfg = Debug|x64
		{35510DCF-388E-4C1A-81B0-ADFF192927CC}.Debug|x64.Build.0 = Debug|x64
		{35510DCF-388E-4C1A-81B0-ADFF192927CC}.Debug|x86.ActiveCfg = Debug|Win32
		{35510DCF-388E-4C1A-81B0-ADFF192927CC}.Debug|x86.Build.0 = Debug|Win32
		{35510DCF-388E-4C1A-81B0-ADFF192927CC}.Release|x64.ActiveCfg = Release|x64
		{35510DCF-388E-4C1A-81B0-ADFF192927CC}.Release|x64.Build.0 = Release|x64
		{35510DCF-388E-4C1A-81B0-ADFF192927CC}.Release|x86.ActiveCfg = Release|Win32
		{35510DCF-388E-4C1A-81B0-ADFF192927CC}.Release|x86.Build.0 = Release|Win32
	EndGlobalSection
	GlobalSection(SolutionProperties) = preSolution
		HideSolutionNode = FALSE
	EndGlobalSection
	GlobalSection(ExtensibilityGlobals) = postSolution
		SolutionGuid = {BC474E3E-BBB8-4B30-8B1A-07FCBCCF2E71}
	EndGlobalSection
EndGlobal
